
Microsoft Visual Studio Solution File, Format Version 12.00
# Visual Studio Version 17
VisualStudioVersion = 17.4.33205.214
MinimumVisualStudioVersion = 10.0.40219.1
Project("{FAE04EC0-301F-11D3-BF4B-00C04F79EFBC}") = "ADO_D1", "ADO_D1\ADO_D1.csproj", "{2CC45C9A-5043-4688-AF77-106661D5F89C}"
EndProject
Project("{FAE04EC0-301F-11D3-BF4B-00C04F79EFBC}") = "ADO_Core", "ADO_Core\ADO_Core.csproj", "{64991EF2-E3B7-4B6B-AC83-A2D950600797}"
EndProject
Global
	GlobalSection(SolutionConfigurationPlatforms) = preSolution
		Debug|Any CPU = Debug|Any CPU
		Release|Any CPU = Release|Any CPU
	EndGlobalSection
	GlobalSection(ProjectConfigurationPlatforms) = postSolution
		{2CC45C9A-5043-4688-AF77-106661D5F89C}.Debug|Any CPU.ActiveCfg = Debug|Any CPU
		{2CC45C9A-5043-4688-AF77-106661D5F89C}.Debug|Any CPU.Build.0 = Debug|Any CPU
		{2CC45C9A-5043-4688-AF77-106661D5F89C}.Release|Any CPU.ActiveCfg = Release|Any CPU
		{2CC45C9A-5043-4688-AF77-106661D5F89C}.Release|Any CPU.Build.0 = Release|Any CPU
		{64991EF2-E3B7-4B6B-AC83-A2D950600797}.Debug|Any CPU.ActiveCfg = Debug|Any CPU
		{64991EF2-E3B7-4B6B-AC83-A2D950600797}.Debug|Any CPU.Build.0 = Debug|Any CPU
		{64991EF2-E3B7-4B6B-AC83-A2D950600797}.Release|Any CPU.ActiveCfg = Release|Any CPU
		{64991EF2-E3B7-4B6B-AC83-A2D950600797}.Release|Any CPU.Build.0 = Release|Any CPU
	EndGlobalSection
	GlobalSection(SolutionProperties) = preSolution
		HideSolutionNode = FALSE
	EndGlobalSection
	GlobalSection(ExtensibilityGlobals) = postSolution
		SolutionGuid = {97CD6072-1EAC-429E-8AD3-4D2B716FE708}
	EndGlobalSection
EndGlobal
